
Microsoft Visual Studio Solution File, Format Version 12.00
# Visual Studio Version 16
VisualStudioVersion = 16.0.33801.447
MinimumVisualStudioVersion = 10.0.40219.1
Project("{FAE04EC0-301F-11D3-BF4B-00C04F79EFBC}") = "The Oracle", "The Oracle.csproj", "{2E598C3C-BF52-4885-AC31-3B66CD25A798}"
EndProject
Global
	GlobalSection(SolutionConfigurationPlatforms) = preSolution
		Debug|Any CPU = Debug|Any CPU
		Release|Any CPU = Release|Any CPU
	EndGlobalSection
	GlobalSection(ProjectConfigurationPlatforms) = postSolution
		{2E598C3C-BF52-4885-AC31-3B66CD25A798}.Debug|Any CPU.ActiveCfg = Debug|Any CPU
		{2E598C3C-BF52-4885-AC31-3B66CD25A798}.Debug|Any CPU.Build.0 = Debug|Any CPU
		{2E598C3C-BF52-4885-AC31-3B66CD25A798}.Release|Any CPU.ActiveCfg = Release|Any CPU
		{2E598C3C-BF52-4885-AC31-3B66CD25A798}.Release|Any CPU.Build.0 = Release|Any CPU
	EndGlobalSection
	GlobalSection(SolutionProperties) = preSolution
		HideSolutionNode = FALSE
	EndGlobalSection
	GlobalSection(ExtensibilityGlobals) = postSolution
		SolutionGuid = {9230D3A9-9021-4BC4-B3EB-57B6485E455F}
	EndGlobalSection
EndGlobal
